
Microsoft Visual Studio Solution File, Format Version 12.00
# Visual Studio Version 16
VisualStudioVersion = 16.0.32002.261
MinimumVisualStudioVersion = 10.0.40219.1
Project("{FAE04EC0-301F-11D3-BF4B-00C04F79EFBC}") = "Compiler", "Compiler\Compiler.csproj", "{1333649B-B516-4A72-9A54-192A0D63259F}"
EndProject
Project("{FAE04EC0-301F-11D3-BF4B-00C04F79EFBC}") = "CompilerTests", "CompilerTests\CompilerTests.csproj", "{B045FB20-01DB-4055-BBF0-B3E209763B07}"
EndProject
Global
	GlobalSection(SolutionConfigurationPlatforms) = preSolution
		Debug|Any CPU = Debug|Any CPU
		Release|Any CPU = Release|Any CPU
	EndGlobalSection
	GlobalSection(ProjectConfigurationPlatforms) = postSolution
		{1333649B-B516-4A72-9A54-192A0D63259F}.Debug|Any CPU.ActiveCfg = Debug|Any CPU
		{1333649B-B516-4A72-9A54-192A0D63259F}.Debug|Any CPU.Build.0 = Debug|Any CPU
		{1333649B-B516-4A72-9A54-192A0D63259F}.Release|Any CPU.ActiveCfg = Release|Any CPU
		{1333649B-B516-4A72-9A54-192A0D63259F}.Release|Any CPU.Build.0 = Release|Any CPU
		{B045FB20-01DB-4055-BBF0-B3E209763B07}.Debug|Any CPU.ActiveCfg = Debug|Any CPU
		{B045FB20-01DB-4055-BBF0-B3E209763B07}.Debug|Any CPU.Build.0 = Debug|Any CPU
		{B045FB20-01DB-4055-BBF0-B3E209763B07}.Release|Any CPU.ActiveCfg = Release|Any CPU
		{B045FB20-01DB-4055-BBF0-B3E209763B07}.Release|Any CPU.Build.0 = Release|Any CPU
	EndGlobalSection
	GlobalSection(SolutionProperties) = preSolution
		HideSolutionNode = FALSE
	EndGlobalSection
	GlobalSection(ExtensibilityGlobals) = postSolution
		SolutionGuid = {5DD15B1B-013C-47B1-BE16-6111B3A2E7AD}
	EndGlobalSection
EndGlobal
